# THIS IS AN AUTOGENERATED FILE. DO NOT EDIT THIS FILE DIRECTLY.
# yarn lockfile v1


"@webvoxel/core@^0.0.1-a5":
  version "0.0.1-a5"
  resolved "https://registry.yarnpkg.com/@webvoxel/core/-/core-0.0.1-a5.tgz#11c585e42f3715be5c9531bed9ef230e58a89119"
  integrity sha512-rUtkyM2sDt5R6eMVZ+4jSIsPp/+GNsUc9Z9XOKfaxHgY2NhyCmAAEjB0KfXu6p5MjMSqh9lS8NHOrDe6tUJkNA==
  dependencies:
    three "^0.112.0"

three@^0.112.0:
  version "0.112.1"
  resolved "https://registry.yarnpkg.com/three/-/three-0.112.1.tgz#f8d8f4d0f8e5f753dac6260491b8209457fdc131"
  integrity sha512-8I0O74hiYtKl3LgDNcPJbBGOlpekbcJ6fJnImmW3mFdeUFJ2H9Y3/UuUSW2sBdjrIlCM0gvOkaTEFlofO900TQ==
